
Microsoft Visual Studio Solution File, Format Version 12.00
# Visual Studio Version 17
VisualStudioVersion = 17.4.33122.133
MinimumVisualStudioVersion = 10.0.40219.1
Project("{FAE04EC0-301F-11D3-BF4B-00C04F79EFBC}") = "ApiAggregatorAPI", "ApiAggregatorAPI\ApiAggregatorAPI.csproj", "{36A86E8E-89E6-4729-B25E-BCCA2F0BF044}"
EndProject
Global
	GlobalSection(SolutionConfigurationPlatforms) = preSolution
		Debug|Any CPU = Debug|Any CPU
		Release|Any CPU = Release|Any CPU
	EndGlobalSection
	GlobalSection(ProjectConfigurationPlatforms) = postSolution
		{36A86E8E-89E6-4729-B25E-BCCA2F0BF044}.Debug|Any CPU.ActiveCfg = Debug|Any CPU
		{36A86E8E-89E6-4729-B25E-BCCA2F0BF044}.Debug|Any CPU.Build.0 = Debug|Any CPU
		{36A86E8E-89E6-4729-B25E-BCCA2F0BF044}.Release|Any CPU.ActiveCfg = Release|Any CPU
		{36A86E8E-89E6-4729-B25E-BCCA2F0BF044}.Release|Any CPU.Build.0 = Release|Any CPU
	EndGlobalSection
	GlobalSection(SolutionProperties) = preSolution
		HideSolutionNode = FALSE
	EndGlobalSection
	GlobalSection(ExtensibilityGlobals) = postSolution
		SolutionGuid = {97159C0D-0B3E-4CBC-BEF5-FF4BCF35777C}
	EndGlobalSection
EndGlobal
